
Microsoft Visual Studio Solution File, Format Version 12.00
# Visual Studio Version 17
VisualStudioVersion = 17.9.34714.143
MinimumVisualStudioVersion = 10.0.40219.1
Project("{FAE04EC0-301F-11D3-BF4B-00C04F79EFBC}") = "WorkplacesAccounting", "WorkplacesAccounting\WorkplacesAccounting.csproj", "{3C9FBF64-CAA5-4DEA-879B-C7522E1C2AA4}"
EndProject
Global
	GlobalSection(SolutionConfigurationPlatforms) = preSolution
		Debug|Any CPU = Debug|Any CPU
		Release|Any CPU = Release|Any CPU
	EndGlobalSection
	GlobalSection(ProjectConfigurationPlatforms) = postSolution
		{3C9FBF64-CAA5-4DEA-879B-C7522E1C2AA4}.Debug|Any CPU.ActiveCfg = Debug|Any CPU
		{3C9FBF64-CAA5-4DEA-879B-C7522E1C2AA4}.Debug|Any CPU.Build.0 = Debug|Any CPU
		{3C9FBF64-CAA5-4DEA-879B-C7522E1C2AA4}.Release|Any CPU.ActiveCfg = Release|Any CPU
		{3C9FBF64-CAA5-4DEA-879B-C7522E1C2AA4}.Release|Any CPU.Build.0 = Release|Any CPU
	EndGlobalSection
	GlobalSection(SolutionProperties) = preSolution
		HideSolutionNode = FALSE
	EndGlobalSection
	GlobalSection(ExtensibilityGlobals) = postSolution
		SolutionGuid = {4B005CCA-E102-4185-9DC0-8899381593C2}
	EndGlobalSection
EndGlobal
